// !$*UTF8*$!
{
	archiveVersion = 1;
	classes = {
	};
	objectVersion = 56;
	objects = {

/* Begin PBXBuildFile section */
		0B863B942B3B73C5005CC621 /* DriversViewController.swift in Sources */ = {isa = PBXBuildFile; fileRef = 0B863B932B3B73C5005CC621 /* DriversViewController.swift */; };
		0B863B962B3B8DCD005CC621 /* RaceScheduleCell.swift in Sources */ = {isa = PBXBuildFile; fileRef = 0B863B952B3B8DCD005CC621 /* RaceScheduleCell.swift */; };
		0B863B992B3E6A3B005CC621 /* RaceSchedule.swift in Sources */ = {isa = PBXBuildFile; fileRef = 0B863B982B3E6A3B005CC621 /* RaceSchedule.swift */; };
		0B863B9D2B3E6AF7005CC621 /* APIService.swift in Sources */ = {isa = PBXBuildFile; fileRef = 0B863B9C2B3E6AF7005CC621 /* APIService.swift */; };
		0BA9437D2B3A413B009D69AA /* AppDelegate.swift in Sources */ = {isa = PBXBuildFile; fileRef = 0BA9437C2B3A413B009D69AA /* AppDelegate.swift */; };
		0BA9437F2B3A413B009D69AA /* SceneDelegate.swift in Sources */ = {isa = PBXBuildFile; fileRef = 0BA9437E2B3A413B009D69AA /* SceneDelegate.swift */; };
		0BA943812B3A413B009D69AA /* SheduleViewController.swift in Sources */ = {isa = PBXBuildFile; fileRef = 0BA943802B3A413B009D69AA /* SheduleViewController.swift */; };
		0BA943842B3A413B009D69AA /* Main.storyboard in Resources */ = {isa = PBXBuildFile; fileRef = 0BA943822B3A413B009D69AA /* Main.storyboard */; };
		0BA943862B3A4141009D69AA /* Assets.xcassets in Resources */ = {isa = PBXBuildFile; fileRef = 0BA943852B3A4141009D69AA /* Assets.xcassets */; };
		0BA943892B3A4141009D69AA /* LaunchScreen.storyboard in Resources */ = {isa = PBXBuildFile; fileRef = 0BA943872B3A4141009D69AA /* LaunchScreen.storyboard */; };
/* End PBXBuildFile section */

/* Begin PBXFileReference section */
		0B863B932B3B73C5005CC621 /* DriversViewController.swift */ = {isa = PBXFileReference; lastKnownFileType = sourcecode.swift; path = DriversViewController.swift; sourceTree = "<group>"; };
		0B863B952B3B8DCD005CC621 /* RaceScheduleCell.swift */ = {isa = PBXFileReference; lastKnownFileType = sourcecode.swift; path = RaceScheduleCell.swift; sourceTree = "<group>"; };
		0B863B982B3E6A3B005CC621 /* RaceSchedule.swift */ = {isa = PBXFileReference; lastKnownFileType = sourcecode.swift; path = RaceSchedule.swift; sourceTree = "<group>"; };
		0B863B9C2B3E6AF7005CC621 /* APIService.swift */ = {isa = PBXFileReference; lastKnownFileType = sourcecode.swift; path = APIService.swift; sourceTree = "<group>"; };
		0BA943792B3A413B009D69AA /* FormulaOne.app */ = {isa = PBXFileReference; explicitFileType = wrapper.application; includeInIndex = 0; path = FormulaOne.app; sourceTree = BUILT_PRODUCTS_DIR; };
		0BA9437C2B3A413B009D69AA /* AppDelegate.swift */ = {isa = PBXFileReference; lastKnownFileType = sourcecode.swift; path = AppDelegate.swift; sourceTree = "<group>"; };
		0BA9437E2B3A413B009D69AA /* SceneDelegate.swift */ = {isa = PBXFileReference; lastKnownFileType = sourcecode.swift; path = SceneDelegate.swift; sourceTree = "<group>"; };
		0BA943802B3A413B009D69AA /* SheduleViewController.swift */ = {isa = PBXFileReference; lastKnownFileType = sourcecode.swift; path = SheduleViewController.swift; sourceTree = "<group>"; };
		0BA943832B3A413B009D69AA /* Base */ = {isa = PBXFileReference; lastKnownFileType = file.storyboard; name = Base; path = Base.lproj/Main.storyboard; sourceTree = "<group>"; };
		0BA943852B3A4141009D69AA /* Assets.xcassets */ = {isa = PBXFileReference; lastKnownFileType = folder.assetcatalog; path = Assets.xcassets; sourceTree = "<group>"; };
		0BA943882B3A4141009D69AA /* Base */ = {isa = PBXFileReference; lastKnownFileType = file.storyboard; name = Base; path = Base.lproj/LaunchScreen.storyboard; sourceTree = "<group>"; };
		0BA9438A2B3A4141009D69AA /* Info.plist */ = {isa = PBXFileReference; lastKnownFileType = text.plist.xml; path = Info.plist; sourceTree = "<group>"; };
/* End PBXFileReference section */

/* Begin PBXFrameworksBuildPhase section */
		0BA943762B3A413B009D69AA /* Frameworks */ = {
			isa = PBXFrameworksBuildPhase;
			buildActionMask = 2147483647;
			files = (
			);
			runOnlyForDeploymentPostprocessing = 0;
		};
/* End PBXFrameworksBuildPhase section */

/* Begin PBXGroup section */
		0B863B972B3E69DD005CC621 /* Model */ = {
			isa = PBXGroup;
			children = (
				0B863B982B3E6A3B005CC621 /* RaceSchedule.swift */,
			);
			path = Model;
			sourceTree = "<group>";
		};
		0B863B9A2B3E6A71005CC621 /* Controllers */ = {
			isa = PBXGroup;
			children = (
				0BA943802B3A413B009D69AA /* SheduleViewController.swift */,
				0B863B932B3B73C5005CC621 /* DriversViewController.swift */,
			);
			path = Controllers;
			sourceTree = "<group>";
		};
		0B863B9B2B3E6AD2005CC621 /* APIService */ = {
			isa = PBXGroup;
			children = (
				0B863B9C2B3E6AF7005CC621 /* APIService.swift */,
			);
			path = APIService;
			sourceTree = "<group>";
		};
		0BA943702B3A413B009D69AA = {
			isa = PBXGroup;
			children = (
				0BA9437B2B3A413B009D69AA /* FormulaOne */,
				0BA9437A2B3A413B009D69AA /* Products */,
			);
			sourceTree = "<group>";
		};
		0BA9437A2B3A413B009D69AA /* Products */ = {
			isa = PBXGroup;
			children = (
				0BA943792B3A413B009D69AA /* FormulaOne.app */,
			);
			name = Products;
			sourceTree = "<group>";
		};
		0BA9437B2B3A413B009D69AA /* FormulaOne */ = {
			isa = PBXGroup;
			children = (
				0B863B9B2B3E6AD2005CC621 /* APIService */,
				0B863B9A2B3E6A71005CC621 /* Controllers */,
				0B863B972B3E69DD005CC621 /* Model */,
				0BA9437C2B3A413B009D69AA /* AppDelegate.swift */,
				0BA9437E2B3A413B009D69AA /* SceneDelegate.swift */,
				0BA943822B3A413B009D69AA /* Main.storyboard */,
				0BA943852B3A4141009D69AA /* Assets.xcassets */,
				0BA943872B3A4141009D69AA /* LaunchScreen.storyboard */,
				0BA9438A2B3A4141009D69AA /* Info.plist */,
				0B863B952B3B8DCD005CC621 /* RaceScheduleCell.swift */,
			);
			path = FormulaOne;
			sourceTree = "<group>";
		};
/* End PBXGroup section */

/* Begin PBXNativeTarget section */
		0BA943782B3A413B009D69AA /* FormulaOne */ = {
			isa = PBXNativeTarget;
			buildConfigurationList = 0BA9438D2B3A4141009D69AA /* Build configuration list for PBXNativeTarget "FormulaOne" */;
			buildPhases = (
				0BA943752B3A413B009D69AA /* Sources */,
				0BA943762B3A413B009D69AA /* Frameworks */,
				0BA943772B3A413B009D69AA /* Resources */,
			);
			buildRules = (
			);
			dependencies = (
			);
			name = FormulaOne;
			productName = FormulaOne;
			productReference = 0BA943792B3A413B009D69AA /* FormulaOne.app */;
			productType = "com.apple.product-type.application";
		};
/* End PBXNativeTarget section */

/* Begin PBXProject section */
		0BA943712B3A413B009D69AA /* Project object */ = {
			isa = PBXProject;
			attributes = {
				BuildIndependentTargetsInParallel = 1;
				LastSwiftUpdateCheck = 1420;
				LastUpgradeCheck = 1420;
				TargetAttributes = {
					0BA943782B3A413B009D69AA = {
						CreatedOnToolsVersion = 14.2;
					};
				};
			};
			buildConfigurationList = 0BA943742B3A413B009D69AA /* Build configuration list for PBXProject "FormulaOne" */;
			compatibilityVersion = "Xcode 14.0";
			developmentRegion = en;
			hasScannedForEncodings = 0;
			knownRegions = (
				en,
				Base,
			);
			mainGroup = 0BA943702B3A413B009D69AA;
			productRefGroup = 0BA9437A2B3A413B009D69AA /* Products */;
			projectDirPath = "";
			projectRoot = "";
			targets = (
				0BA943782B3A413B009D69AA /* FormulaOne */,
			);
		};
/* End PBXProject section */

/* Begin PBXResourcesBuildPhase section */
		0BA943772B3A413B009D69AA /* Resources */ = {
			isa = PBXResourcesBuildPhase;
			buildActionMask = 2147483647;
			files = (
				0BA943892B3A4141009D69AA /* LaunchScreen.storyboard in Resources */,
				0BA943862B3A4141009D69AA /* Assets.xcassets in Resources */,
				0BA943842B3A413B009D69AA /* Main.storyboard in Resources */,
			);
			runOnlyForDeploymentPostprocessing = 0;
		};
/* End PBXResourcesBuildPhase section */

/* Begin PBXSourcesBuildPhase section */
		0BA943752B3A413B009D69AA /* Sources */ = {
			isa = PBXSourcesBuildPhase;
			buildActionMask = 2147483647;
			files = (
				0B863B942B3B73C5005CC621 /* DriversViewController.swift in Sources */,
				0B863B9D2B3E6AF7005CC621 /* APIService.swift in Sources */,
				0BA943812B3A413B009D69AA /* SheduleViewController.swift in Sources */,
				0BA9437D2B3A413B009D69AA /* AppDelegate.swift in Sources */,
				0B863B962B3B8DCD005CC621 /* RaceScheduleCell.swift in Sources */,
				0BA9437F2B3A413B009D69AA /* SceneDelegate.swift in Sources */,
				0B863B992B3E6A3B005CC621 /* RaceSchedule.swift in Sources */,
			);
			runOnlyForDeploymentPostprocessing = 0;
		};
/* End PBXSourcesBuildPhase section */

/* Begin PBXVariantGroup section */
		0BA943822B3A413B009D69AA /* Main.storyboard */ = {
			isa = PBXVariantGroup;
			children = (
				0BA943832B3A413B009D69AA /* Base */,
			);
			name = Main.storyboard;
			sourceTree = "<group>";
		};
		0BA943872B3A4141009D69AA /* LaunchScreen.storyboard */ = {
			isa = PBXVariantGroup;
			children = (
				0BA943882B3A4141009D69AA /* Base */,
			);
			name = LaunchScreen.storyboard;
			sourceTree = "<group>";
		};
/* End PBXVariantGroup section */

/* Begin XCBuildConfiguration section */
		0BA9438B2B3A4141009D69AA /* Debug */ = {
			isa = XCBuildConfiguration;
			buildSettings = {
				ALWAYS_SEARCH_USER_PATHS = NO;
				CLANG_ANALYZER_NONNULL = YES;
				CLANG_ANALYZER_NUMBER_OBJECT_CONVERSION = YES_AGGRESSIVE;
				CLANG_CXX_LANGUAGE_STANDARD = "gnu++20";
				CLANG_ENABLE_MODULES = YES;
				CLANG_ENABLE_OBJC_ARC = YES;
				CLANG_ENABLE_OBJC_WEAK = YES;
				CLANG_WARN_BLOCK_CAPTURE_AUTORELEASING = YES;
				CLANG_WARN_BOOL_CONVERSION = YES;
				CLANG_WARN_COMMA = YES;
				CLANG_WARN_CONSTANT_CONVERSION = YES;
				CLANG_WARN_DEPRECATED_OBJC_IMPLEMENTATIONS = YES;
				CLANG_WARN_DIRECT_OBJC_ISA_USAGE = YES_ERROR;
				CLANG_WARN_DOCUMENTATION_COMMENTS = YES;
				CLANG_WARN_EMPTY_BODY = YES;
				CLANG_WARN_ENUM_CONVERSION = YES;
				CLANG_WARN_INFINITE_RECURSION = YES;
				CLANG_WARN_INT_CONVERSION = YES;
				CLANG_WARN_NON_LITERAL_NULL_CONVERSION = YES;
				CLANG_WARN_OBJC_IMPLICIT_RETAIN_SELF = YES;
				CLANG_WARN_OBJC_LITERAL_CONVERSION = YES;
				CLANG_WARN_OBJC_ROOT_CLASS = YES_ERROR;
				CLANG_WARN_QUOTED_INCLUDE_IN_FRAMEWORK_HEADER = YES;
				CLANG_WARN_RANGE_LOOP_ANALYSIS = YES;
				CLANG_WARN_STRICT_PROTOTYPES = YES;
				CLANG_WARN_SUSPICIOUS_MOVE = YES;
				CLANG_WARN_UNGUARDED_AVAILABILITY = YES_AGGRESSIVE;
				CLANG_WARN_UNREACHABLE_CODE = YES;
				CLANG_WARN__DUPLICATE_METHOD_MATCH = YES;
				COPY_PHASE_STRIP = NO;
				DEBUG_INFORMATION_FORMAT = dwarf;
				ENABLE_STRICT_OBJC_MSGSEND = YES;
				ENABLE_TESTABILITY = YES;
				GCC_C_LANGUAGE_STANDARD = gnu11;
				GCC_DYNAMIC_NO_PIC = NO;
				GCC_NO_COMMON_BLOCKS = YES;
				GCC_OPTIMIZATION_LEVEL = 0;
				GCC_PREPROCESSOR_DEFINITIONS = (
					"DEBUG=1",
					"$(inherited)",
				);
				GCC_WARN_64_TO_32_BIT_CONVERSION = YES;
				GCC_WARN_ABOUT_RETURN_TYPE = YES_ERROR;
				GCC_WARN_UNDECLARED_SELECTOR = YES;
				GCC_WARN_UNINITIALIZED_AUTOS = YES_AGGRESSIVE;
				GCC_WARN_UNUSED_FUNCTION = YES;
				GCC_WARN_UNUSED_VARIABLE = YES;
				IPHONEOS_DEPLOYMENT_TARGET = 16.2;
				MTL_ENABLE_DEBUG_INFO = INCLUDE_SOURCE;
				MTL_FAST_MATH = YES;
				ONLY_ACTIVE_ARCH = YES;
				SDKROOT = iphoneos;
				SWIFT_ACTIVE_COMPILATION_CONDITIONS = DEBUG;
				SWIFT_OPTIMIZATION_LEVEL = "-Onone";
			};
			name = Debug;
		};
		0BA9438C2B3A4141009D69AA /* Release */ = {
			isa = XCBuildConfiguration;
			buildSettings = {
				ALWAYS_SEARCH_USER_PATHS = NO;
				CLANG_ANALYZER_NONNULL = YES;
				CLANG_ANALYZER_NUMBER_OBJECT_CONVERSION = YES_AGGRESSIVE;
				CLANG_CXX_LANGUAGE_STANDARD = "gnu++20";
				CLANG_ENABLE_MODULES = YES;
				CLANG_ENABLE_OBJC_ARC = YES;
				CLANG_ENABLE_OBJC_WEAK = YES;
				CLANG_WARN_BLOCK_CAPTURE_AUTORELEASING = YES;
				CLANG_WARN_BOOL_CONVERSION = YES;
				CLANG_WARN_COMMA = YES;
				CLANG_WARN_CONSTANT_CONVERSION = YES;
				CLANG_WARN_DEPRECATED_OBJC_IMPLEMENTATIONS = YES;
				CLANG_WARN_DIRECT_OBJC_ISA_USAGE = YES_ERROR;
				CLANG_WARN_DOCUMENTATION_COMMENTS = YES;
				CLANG_WARN_EMPTY_BODY = YES;
				CLANG_WARN_ENUM_CONVERSION = YES;
				CLANG_WARN_INFINITE_RECURSION = YES;
				CLANG_WARN_INT_CONVERSION = YES;
				CLANG_WARN_NON_LITERAL_NULL_CONVERSION = YES;
				CLANG_WARN_OBJC_IMPLICIT_RETAIN_SELF = YES;
				CLANG_WARN_OBJC_LITERAL_CONVERSION = YES;
				CLANG_WARN_OBJC_ROOT_CLASS = YES_ERROR;
				CLANG_WARN_QUOTED_INCLUDE_IN_FRAMEWORK_HEADER = YES;
				CLANG_WARN_RANGE_LOOP_ANALYSIS = YES;
				CLANG_WARN_STRICT_PROTOTYPES = YES;
				CLANG_WARN_SUSPICIOUS_MOVE = YES;
				CLANG_WARN_UNGUARDED_AVAILABILITY = YES_AGGRESSIVE;
				CLANG_WARN_UNREACHABLE_CODE = YES;
				CLANG_WARN__DUPLICATE_METHOD_MATCH = YES;
				COPY_PHASE_STRIP = NO;
				DEBUG_INFORMATION_FORMAT = "dwarf-with-dsym";
				ENABLE_NS_ASSERTIONS = NO;
				ENABLE_STRICT_OBJC_MSGSEND = YES;
				GCC_C_LANGUAGE_STANDARD = gnu11;
				GCC_NO_COMMON_BLOCKS = YES;
				GCC_WARN_64_TO_32_BIT_CONVERSION = YES;
				GCC_WARN_ABOUT_RETURN_TYPE = YES_ERROR;
				GCC_WARN_UNDECLARED_SELECTOR = YES;
				GCC_WARN_UNINITIALIZED_AUTOS = YES_AGGRESSIVE;
				GCC_WARN_UNUSED_FUNCTION = YES;
				GCC_WARN_UNUSED_VARIABLE = YES;
				IPHONEOS_DEPLOYMENT_TARGET = 16.2;
				MTL_ENABLE_DEBUG_INFO = NO;
				MTL_FAST_MATH = YES;
				SDKROOT = iphoneos;
				SWIFT_COMPILATION_MODE = wholemodule;
				SWIFT_OPTIMIZATION_LEVEL = "-O";
				VALIDATE_PRODUCT = YES;
			};
			name = Release;
		};
		0BA9438E2B3A4141009D69AA /* Debug */ = {
			isa = XCBuildConfiguration;
			buildSettings = {
				ASSETCATALOG_COMPILER_APPICON_NAME = AppIcon;
				ASSETCATALOG_COMPILER_GLOBAL_ACCENT_COLOR_NAME = AccentColor;
				CODE_SIGN_STYLE = Automatic;
				CURRENT_PROJECT_VERSION = 1;
				DEVELOPMENT_TEAM = 9CWTM4F934;
				GENERATE_INFOPLIST_FILE = YES;
				INFOPLIST_FILE = FormulaOne/Info.plist;
				INFOPLIST_KEY_UIApplicationSupportsIndirectInputEvents = YES;
				INFOPLIST_KEY_UILaunchStoryboardName = LaunchScreen;
				INFOPLIST_KEY_UIMainStoryboardFile = "";
				INFOPLIST_KEY_UISupportedInterfaceOrientations_iPad = "UIInterfaceOrientationPortrait UIInterfaceOrientationPortraitUpsideDown UIInterfaceOrientationLandscapeLeft UIInterfaceOrientationLandscapeRight";
				INFOPLIST_KEY_UISupportedInterfaceOrientations_iPhone = "UIInterfaceOrientationPortrait UIInterfaceOrientationLandscapeLeft UIInterfaceOrientationLandscapeRight";
				LD_RUNPATH_SEARCH_PATHS = (
					"$(inherited)",
					"@executable_path/Frameworks",
				);
				MARKETING_VERSION = 1.0;
				PRODUCT_BUNDLE_IDENTIFIER = nathan.mora.FormulaOne;
				PRODUCT_NAME = "$(TARGET_NAME)";
				SWIFT_EMIT_LOC_STRINGS = YES;
				SWIFT_VERSION = 5.0;
				TARGETED_DEVICE_FAMILY = "1,2";
			};
			name = Debug;
		};
		0BA9438F2B3A4141009D69AA /* Release */ = {
			isa = XCBuildConfiguration;
			buildSettings = {
				ASSETCATALOG_COMPILER_APPICON_NAME = AppIcon;
				ASSETCATALOG_COMPILER_GLOBAL_ACCENT_COLOR_NAME = AccentColor;
				CODE_SIGN_STYLE = Automatic;
				CURRENT_PROJECT_VERSION = 1;
				DEVELOPMENT_TEAM = 9CWTM4F934;
				GENERATE_INFOPLIST_FILE = YES;
				INFOPLIST_FILE = FormulaOne/Info.plist;
				INFOPLIST_KEY_UIApplicationSupportsIndirectInputEvents = YES;
				INFOPLIST_KEY_UILaunchStoryboardName = LaunchScreen;
				INFOPLIST_KEY_UIMainStoryboardFile = "";
				INFOPLIST_KEY_UISupportedInterfaceOrientations_iPad = "UIInterfaceOrientationPortrait UIInterfaceOrientationPortraitUpsideDown UIInterfaceOrientationLandscapeLeft UIInterfaceOrientationLandscapeRight";
				INFOPLIST_KEY_UISupportedInterfaceOrientations_iPhone = "UIInterfaceOrientationPortrait UIInterfaceOrientationLandscapeLeft UIInterfaceOrientationLandscapeRight";
				LD_RUNPATH_SEARCH_PATHS = (
					"$(inherited)",
					"@executable_path/Frameworks",
				);
				MARKETING_VERSION = 1.0;
				PRODUCT_BUNDLE_IDENTIFIER = nathan.mora.FormulaOne;
				PRODUCT_NAME = "$(TARGET_NAME)";
				SWIFT_EMIT_LOC_STRINGS = YES;
				SWIFT_VERSION = 5.0;
				TARGETED_DEVICE_FAMILY = "1,2";
			};
			name = Release;
		};
/* End XCBuildConfiguration section */

/* Begin XCConfigurationList section */
		0BA943742B3A413B009D69AA /* Build configuration list for PBXProject "FormulaOne" */ = {
			isa = XCConfigurationList;
			buildConfigurations = (
				0BA9438B2B3A4141009D69AA /* Debug */,
				0BA9438C2B3A4141009D69AA /* Release */,
			);
			defaultConfigurationIsVisible = 0;
			defaultConfigurationName = Release;
		};
		0BA9438D2B3A4141009D69AA /* Build configuration list for PBXNativeTarget "FormulaOne" */ = {
			isa = XCConfigurationList;
			buildConfigurations = (
				0BA9438E2B3A4141009D69AA /* Debug */,
				0BA9438F2B3A4141009D69AA /* Release */,
			);
			defaultConfigurationIsVisible = 0;
			defaultConfigurationName = Release;
		};
/* End XCConfigurationList section */
	};
	rootObject = 0BA943712B3A413B009D69AA /* Project object */;
}
